Microsoft Visual Studio Solution File, Format Version 12.00
# Visual Studio Version 17
VisualStudioVersion = 17.0.31903.59
MinimumVisualStudioVersion = 10.0.40219.1
Project("{BE1054E0-0770-4D9D-83A9-BD66C701CBB9}") = "Project_90686d5b8e344c70a2aacd0d1b4ccfb0_20250619080304956189", "Project_90686d5b8e344c70a2aacd0d1b4ccfb0_20250619080304956189.csproj", "{BE1054E0-0770-4D9D-83A9-BD66C701CBB9}"
EndProject
Global
    GlobalSection(SolutionConfigurationPlatforms) = preSolution
        Debug|Any CPU = Debug|Any CPU
        Release|Any CPU = Release|Any CPU
    EndGlobalSection
    GlobalSection(ProjectConfigurationPlatforms) = postSolution
        {BE1054E0-0770-4D9D-83A9-BD66C701CBB9}.Debug|Any CPU.ActiveCfg = Debug|Any CPU
        {BE1054E0-0770-4D9D-83A9-BD66C701CBB9}.Debug|Any CPU.Build.0 = Debug|Any CPU
        {BE1054E0-0770-4D9D-83A9-BD66C701CBB9}.Release|Any CPU.ActiveCfg = Release|Any CPU
        {BE1054E0-0770-4D9D-83A9-BD66C701CBB9}.Release|Any CPU.Build.0 = Release|Any CPU
    EndGlobalSection
EndGlobal